
Microsoft Visual Studio Solution File, Format Version 12.00
# Visual Studio Version 16
VisualStudioVersion = 16.0.28729.10
MinimumVisualStudioVersion = 10.0.40219.1
Project("{9A19103F-16F7-4668-BE54-9A1E7A4F7556}") = "WebAppTagHelper", "WebAppTagHelper\WebAppTagHelper.csproj", "{2CF9D065-5614-471E-ACE2-B77C200AF8FE}"
EndProject
Project("{9A19103F-16F7-4668-BE54-9A1E7A4F7556}") = "TagHelpersLib", "TagHelpersLib\TagHelpersLib.csproj", "{F9FAFBFF-32C3-42A4-A7B9-24298D63858D}"
EndProject
Global
	GlobalSection(SolutionConfigurationPlatforms) = preSolution
		Debug|Any CPU = Debug|Any CPU
		Release|Any CPU = Release|Any CPU
	EndGlobalSection
	GlobalSection(ProjectConfigurationPlatforms) = postSolution
		{2CF9D065-5614-471E-ACE2-B77C200AF8FE}.Debug|Any CPU.ActiveCfg = Debug|Any CPU
		{2CF9D065-5614-471E-ACE2-B77C200AF8FE}.Debug|Any CPU.Build.0 = Debug|Any CPU
		{2CF9D065-5614-471E-ACE2-B77C200AF8FE}.Release|Any CPU.ActiveCfg = Release|Any CPU
		{2CF9D065-5614-471E-ACE2-B77C200AF8FE}.Release|Any CPU.Build.0 = Release|Any CPU
		{F9FAFBFF-32C3-42A4-A7B9-24298D63858D}.Debug|Any CPU.ActiveCfg = Debug|Any CPU
		{F9FAFBFF-32C3-42A4-A7B9-24298D63858D}.Debug|Any CPU.Build.0 = Debug|Any CPU
		{F9FAFBFF-32C3-42A4-A7B9-24298D63858D}.Release|Any CPU.ActiveCfg = Release|Any CPU
		{F9FAFBFF-32C3-42A4-A7B9-24298D63858D}.Release|Any CPU.Build.0 = Release|Any CPU
	EndGlobalSection
	GlobalSection(SolutionProperties) = preSolution
		HideSolutionNode = FALSE
	EndGlobalSection
	GlobalSection(ExtensibilityGlobals) = postSolution
		SolutionGuid = {CFB57FC9-D48A-4147-BD4F-9C83566CDA5F}
	EndGlobalSection
EndGlobal
