
Microsoft Visual Studio Solution File, Format Version 12.00
# Visual Studio 15
VisualStudioVersion = 15.0.28307.329
MinimumVisualStudioVersion = 10.0.40219.1
Project("{FAE04EC0-301F-11D3-BF4B-00C04F79EFBC}") = "WebAppTagHelper", "WebAppTagHelper\WebAppTagHelper.csproj", "{2CF9D065-5614-471E-ACE2-B77C200AF8FE}"
EndProject
Global
	GlobalSection(SolutionConfigurationPlatforms) = preSolution
		Debug|Any CPU = Debug|Any CPU
		Release|Any CPU = Release|Any CPU
	EndGlobalSection
	GlobalSection(ProjectConfigurationPlatforms) = postSolution
		{2CF9D065-5614-471E-ACE2-B77C200AF8FE}.Debug|Any CPU.ActiveCfg = Debug|Any CPU
		{2CF9D065-5614-471E-ACE2-B77C200AF8FE}.Debug|Any CPU.Build.0 = Debug|Any CPU
		{2CF9D065-5614-471E-ACE2-B77C200AF8FE}.Release|Any CPU.ActiveCfg = Release|Any CPU
		{2CF9D065-5614-471E-ACE2-B77C200AF8FE}.Release|Any CPU.Build.0 = Release|Any CPU
	EndGlobalSection
	GlobalSection(SolutionProperties) = preSolution
		HideSolutionNode = FALSE
	EndGlobalSection
	GlobalSection(ExtensibilityGlobals) = postSolution
		SolutionGuid = {CFB57FC9-D48A-4147-BD4F-9C83566CDA5F}
	EndGlobalSection
EndGlobal
